
Microsoft Visual Studio Solution File, Format Version 12.00
# Visual Studio Version 16
VisualStudioVersion = 16.0.29209.152
MinimumVisualStudioVersion = 15.0.26124.0
Project("{2150E333-8FDC-42A3-9474-1A3956D46DE8}") = "src", "src", "{FF9BE92D-7CEC-48A8-A0E4-35F18B28B79C}"
EndProject
Project("{9A19103F-16F7-4668-BE54-9A1E7A4F7556}") = "MyHost", "src\MyHost\MyHost.csproj", "{CE96A6B3-2A9D-406B-8B4D-C7EAAECA45DB}"
EndProject
Project("{9A19103F-16F7-4668-BE54-9A1E7A4F7556}") = "MyLib", "src\MyLib\MyLib.csproj", "{27101F50-8A56-42D8-94AD-6EA1562425FF}"
EndProject
Project("{2150E333-8FDC-42A3-9474-1A3956D46DE8}") = "test", "test", "{F1C55C1F-B081-4E02-AFE7-350EBA13DCD1}"
EndProject
Project("{9A19103F-16F7-4668-BE54-9A1E7A4F7556}") = "MyHost.Tests", "test\MyHost.Tests\MyHost.Tests.csproj", "{C083B591-B912-49E2-8291-F60EFE265F52}"
EndProject
Project("{9A19103F-16F7-4668-BE54-9A1E7A4F7556}") = "MyLib.Tests", "test\MyLib.Tests\MyLib.Tests.csproj", "{73C46832-59E6-4C08-A5A4-696CF213FFE0}"
EndProject
Project("{9A19103F-16F7-4668-BE54-9A1E7A4F7556}") = "MyLib.Health", "src\MyLib.Health\MyLib.Health.csproj", "{4358CF86-246D-4CB6-A20B-C301870F813C}"
EndProject
Project("{9A19103F-16F7-4668-BE54-9A1E7A4F7556}") = "MyLib.Http", "src\MyLib.Http\MyLib.Http.csproj", "{5E93FEB8-1211-4AB9-B87F-54D9002E40D9}"
EndProject
Project("{2150E333-8FDC-42A3-9474-1A3956D46DE8}") = "build", "build", "{858A51D3-92C4-49F0-B41E-3C2DAAD5970F}"
	ProjectSection(SolutionItems) = preProject
		.gitignore = .gitignore
		azure-pipelines.yml = azure-pipelines.yml
		Directory.Build.props = Directory.Build.props
		global.json = global.json
	EndProjectSection
EndProject
Global
	GlobalSection(SolutionConfigurationPlatforms) = preSolution
		Debug|Any CPU = Debug|Any CPU
		Debug|x64 = Debug|x64
		Debug|x86 = Debug|x86
		Release|Any CPU = Release|Any CPU
		Release|x64 = Release|x64
		Release|x86 = Release|x86
	EndGlobalSection
	GlobalSection(ProjectConfigurationPlatforms) = postSolution
		{CE96A6B3-2A9D-406B-8B4D-C7EAAECA45DB}.Debug|Any CPU.ActiveCfg = Debug|Any CPU
		{CE96A6B3-2A9D-406B-8B4D-C7EAAECA45DB}.Debug|Any CPU.Build.0 = Debug|Any CPU
		{CE96A6B3-2A9D-406B-8B4D-C7EAAECA45DB}.Debug|x64.ActiveCfg = Debug|Any CPU
		{CE96A6B3-2A9D-406B-8B4D-C7EAAECA45DB}.Debug|x64.Build.0 = Debug|Any CPU
		{CE96A6B3-2A9D-406B-8B4D-C7EAAECA45DB}.Debug|x86.ActiveCfg = Debug|Any CPU
		{CE96A6B3-2A9D-406B-8B4D-C7EAAECA45DB}.Debug|x86.Build.0 = Debug|Any CPU
		{CE96A6B3-2A9D-406B-8B4D-C7EAAECA45DB}.Release|Any CPU.ActiveCfg = Release|Any CPU
		{CE96A6B3-2A9D-406B-8B4D-C7EAAECA45DB}.Release|Any CPU.Build.0 = Release|Any CPU
		{CE96A6B3-2A9D-406B-8B4D-C7EAAECA45DB}.Release|x64.ActiveCfg = Release|Any CPU
		{CE96A6B3-2A9D-406B-8B4D-C7EAAECA45DB}.Release|x64.Build.0 = Release|Any CPU
		{CE96A6B3-2A9D-406B-8B4D-C7EAAECA45DB}.Release|x86.ActiveCfg = Release|Any CPU
		{CE96A6B3-2A9D-406B-8B4D-C7EAAECA45DB}.Release|x86.Build.0 = Release|Any CPU
		{27101F50-8A56-42D8-94AD-6EA1562425FF}.Debug|Any CPU.ActiveCfg = Debug|Any CPU
		{27101F50-8A56-42D8-94AD-6EA1562425FF}.Debug|Any CPU.Build.0 = Debug|Any CPU
		{27101F50-8A56-42D8-94AD-6EA1562425FF}.Debug|x64.ActiveCfg = Debug|Any CPU
		{27101F50-8A56-42D8-94AD-6EA1562425FF}.Debug|x64.Build.0 = Debug|Any CPU
		{27101F50-8A56-42D8-94AD-6EA1562425FF}.Debug|x86.ActiveCfg = Debug|Any CPU
		{27101F50-8A56-42D8-94AD-6EA1562425FF}.Debug|x86.Build.0 = Debug|Any CPU
		{27101F50-8A56-42D8-94AD-6EA1562425FF}.Release|Any CPU.ActiveCfg = Release|Any CPU
		{27101F50-8A56-42D8-94AD-6EA1562425FF}.Release|Any CPU.Build.0 = Release|Any CPU
		{27101F50-8A56-42D8-94AD-6EA1562425FF}.Release|x64.ActiveCfg = Release|Any CPU
		{27101F50-8A56-42D8-94AD-6EA1562425FF}.Release|x64.Build.0 = Release|Any CPU
		{27101F50-8A56-42D8-94AD-6EA1562425FF}.Release|x86.ActiveCfg = Release|Any CPU
		{27101F50-8A56-42D8-94AD-6EA1562425FF}.Release|x86.Build.0 = Release|Any CPU
		{C083B591-B912-49E2-8291-F60EFE265F52}.Debug|Any CPU.ActiveCfg = Debug|Any CPU
		{C083B591-B912-49E2-8291-F60EFE265F52}.Debug|Any CPU.Build.0 = Debug|Any CPU
		{C083B591-B912-49E2-8291-F60EFE265F52}.Debug|x64.ActiveCfg = Debug|Any CPU
		{C083B591-B912-49E2-8291-F60EFE265F52}.Debug|x64.Build.0 = Debug|Any CPU
		{C083B591-B912-49E2-8291-F60EFE265F52}.Debug|x86.ActiveCfg = Debug|Any CPU
		{C083B591-B912-49E2-8291-F60EFE265F52}.Debug|x86.Build.0 = Debug|Any CPU
		{C083B591-B912-49E2-8291-F60EFE265F52}.Release|Any CPU.ActiveCfg = Release|Any CPU
		{C083B591-B912-49E2-8291-F60EFE265F52}.Release|Any CPU.Build.0 = Release|Any CPU
		{C083B591-B912-49E2-8291-F60EFE265F52}.Release|x64.ActiveCfg = Release|Any CPU
		{C083B591-B912-49E2-8291-F60EFE265F52}.Release|x64.Build.0 = Release|Any CPU
		{C083B591-B912-49E2-8291-F60EFE265F52}.Release|x86.ActiveCfg = Release|Any CPU
		{C083B591-B912-49E2-8291-F60EFE265F52}.Release|x86.Build.0 = Release|Any CPU
		{73C46832-59E6-4C08-A5A4-696CF213FFE0}.Debug|Any CPU.ActiveCfg = Debug|Any CPU
		{73C46832-59E6-4C08-A5A4-696CF213FFE0}.Debug|Any CPU.Build.0 = Debug|Any CPU
		{73C46832-59E6-4C08-A5A4-696CF213FFE0}.Debug|x64.ActiveCfg = Debug|Any CPU
		{73C46832-59E6-4C08-A5A4-696CF213FFE0}.Debug|x64.Build.0 = Debug|Any CPU
		{73C46832-59E6-4C08-A5A4-696CF213FFE0}.Debug|x86.ActiveCfg = Debug|Any CPU
		{73C46832-59E6-4C08-A5A4-696CF213FFE0}.Debug|x86.Build.0 = Debug|Any CPU
		{73C46832-59E6-4C08-A5A4-696CF213FFE0}.Release|Any CPU.ActiveCfg = Release|Any CPU
		{73C46832-59E6-4C08-A5A4-696CF213FFE0}.Release|Any CPU.Build.0 = Release|Any CPU
		{73C46832-59E6-4C08-A5A4-696CF213FFE0}.Release|x64.ActiveCfg = Release|Any CPU
		{73C46832-59E6-4C08-A5A4-696CF213FFE0}.Release|x64.Build.0 = Release|Any CPU
		{73C46832-59E6-4C08-A5A4-696CF213FFE0}.Release|x86.ActiveCfg = Release|Any CPU
		{73C46832-59E6-4C08-A5A4-696CF213FFE0}.Release|x86.Build.0 = Release|Any CPU
		{4358CF86-246D-4CB6-A20B-C301870F813C}.Debug|Any CPU.ActiveCfg = Debug|Any CPU
		{4358CF86-246D-4CB6-A20B-C301870F813C}.Debug|Any CPU.Build.0 = Debug|Any CPU
		{4358CF86-246D-4CB6-A20B-C301870F813C}.Debug|x64.ActiveCfg = Debug|Any CPU
		{4358CF86-246D-4CB6-A20B-C301870F813C}.Debug|x64.Build.0 = Debug|Any CPU
		{4358CF86-246D-4CB6-A20B-C301870F813C}.Debug|x86.ActiveCfg = Debug|Any CPU
		{4358CF86-246D-4CB6-A20B-C301870F813C}.Debug|x86.Build.0 = Debug|Any CPU
		{4358CF86-246D-4CB6-A20B-C301870F813C}.Release|Any CPU.ActiveCfg = Release|Any CPU
		{4358CF86-246D-4CB6-A20B-C301870F813C}.Release|Any CPU.Build.0 = Release|Any CPU
		{4358CF86-246D-4CB6-A20B-C301870F813C}.Release|x64.ActiveCfg = Release|Any CPU
		{4358CF86-246D-4CB6-A20B-C301870F813C}.Release|x64.Build.0 = Release|Any CPU
		{4358CF86-246D-4CB6-A20B-C301870F813C}.Release|x86.ActiveCfg = Release|Any CPU
		{4358CF86-246D-4CB6-A20B-C301870F813C}.Release|x86.Build.0 = Release|Any CPU
		{5E93FEB8-1211-4AB9-B87F-54D9002E40D9}.Debug|Any CPU.ActiveCfg = Debug|Any CPU
		{5E93FEB8-1211-4AB9-B87F-54D9002E40D9}.Debug|Any CPU.Build.0 = Debug|Any CPU
		{5E93FEB8-1211-4AB9-B87F-54D9002E40D9}.Debug|x64.ActiveCfg = Debug|Any CPU
		{5E93FEB8-1211-4AB9-B87F-54D9002E40D9}.Debug|x64.Build.0 = Debug|Any CPU
		{5E93FEB8-1211-4AB9-B87F-54D9002E40D9}.Debug|x86.ActiveCfg = Debug|Any CPU
		{5E93FEB8-1211-4AB9-B87F-54D9002E40D9}.Debug|x86.Build.0 = Debug|Any CPU
		{5E93FEB8-1211-4AB9-B87F-54D9002E40D9}.Release|Any CPU.ActiveCfg = Release|Any CPU
		{5E93FEB8-1211-4AB9-B87F-54D9002E40D9}.Release|Any CPU.Build.0 = Release|Any CPU
		{5E93FEB8-1211-4AB9-B87F-54D9002E40D9}.Release|x64.ActiveCfg = Release|Any CPU
		{5E93FEB8-1211-4AB9-B87F-54D9002E40D9}.Release|x64.Build.0 = Release|Any CPU
		{5E93FEB8-1211-4AB9-B87F-54D9002E40D9}.Release|x86.ActiveCfg = Release|Any CPU
		{5E93FEB8-1211-4AB9-B87F-54D9002E40D9}.Release|x86.Build.0 = Release|Any CPU
	EndGlobalSection
	GlobalSection(SolutionProperties) = preSolution
		HideSolutionNode = FALSE
	EndGlobalSection
	GlobalSection(NestedProjects) = preSolution
		{CE96A6B3-2A9D-406B-8B4D-C7EAAECA45DB} = {FF9BE92D-7CEC-48A8-A0E4-35F18B28B79C}
		{27101F50-8A56-42D8-94AD-6EA1562425FF} = {FF9BE92D-7CEC-48A8-A0E4-35F18B28B79C}
		{C083B591-B912-49E2-8291-F60EFE265F52} = {F1C55C1F-B081-4E02-AFE7-350EBA13DCD1}
		{73C46832-59E6-4C08-A5A4-696CF213FFE0} = {F1C55C1F-B081-4E02-AFE7-350EBA13DCD1}
		{4358CF86-246D-4CB6-A20B-C301870F813C} = {FF9BE92D-7CEC-48A8-A0E4-35F18B28B79C}
		{5E93FEB8-1211-4AB9-B87F-54D9002E40D9} = {FF9BE92D-7CEC-48A8-A0E4-35F18B28B79C}
	EndGlobalSection
	GlobalSection(ExtensibilityGlobals) = postSolution
		SolutionGuid = {C3B6D087-ADF8-4452-B6A9-B2472202E780}
	EndGlobalSection
EndGlobal
